// !$*UTF8*$!
{
	archiveVersion = 1;
	classes = {
	};
	objectVersion = 50;
	objects = {

/* Begin PBXBuildFile section */
		703EB0CD26AE68BF003CA4E6 /* QuizViewController.swift in Sources */ = {isa = PBXBuildFile; fileRef = 703EB0CC26AE68BF003CA4E6 /* QuizViewController.swift */; };
		703EB0CF26AE68E2003CA4E6 /* ResultViewController.swift in Sources */ = {isa = PBXBuildFile; fileRef = 703EB0CE26AE68E2003CA4E6 /* ResultViewController.swift */; };
		703EB0D126AE6C25003CA4E6 /* Quiz.swift in Sources */ = {isa = PBXBuildFile; fileRef = 703EB0D026AE6C25003CA4E6 /* Quiz.swift */; };
		703EB0D326AE6C7E003CA4E6 /* QuizManager.swift in Sources */ = {isa = PBXBuildFile; fileRef = 703EB0D226AE6C7E003CA4E6 /* QuizManager.swift */; };
		703FB5A826ACFEA0006EC4A9 /* AppDelegate.swift in Sources */ = {isa = PBXBuildFile; fileRef = 703FB5A726ACFEA0006EC4A9 /* AppDelegate.swift */; };
		703FB5AA26ACFEA0006EC4A9 /* SceneDelegate.swift in Sources */ = {isa = PBXBuildFile; fileRef = 703FB5A926ACFEA0006EC4A9 /* SceneDelegate.swift */; };
		703FB5AC26ACFEA0006EC4A9 /* ViewController.swift in Sources */ = {isa = PBXBuildFile; fileRef = 703FB5AB26ACFEA0006EC4A9 /* ViewController.swift */; };
		703FB5AF26ACFEA0006EC4A9 /* Main.storyboard in Resources */ = {isa = PBXBuildFile; fileRef = 703FB5AD26ACFEA0006EC4A9 /* Main.storyboard */; };
		703FB5B126ACFEA1006EC4A9 /* Assets.xcassets in Resources */ = {isa = PBXBuildFile; fileRef = 703FB5B026ACFEA1006EC4A9 /* Assets.xcassets */; };
		703FB5B426ACFEA1006EC4A9 /* LaunchScreen.storyboard in Resources */ = {isa = PBXBuildFile; fileRef = 703FB5B226ACFEA1006EC4A9 /* LaunchScreen.storyboard */; };
/* End PBXBuildFile section */

/* Begin PBXFileReference section */
		703EB0CC26AE68BF003CA4E6 /* QuizViewController.swift */ = {isa = PBXFileReference; lastKnownFileType = sourcecode.swift; path = QuizViewController.swift; sourceTree = "<group>"; };
		703EB0CE26AE68E2003CA4E6 /* ResultViewController.swift */ = {isa = PBXFileReference; lastKnownFileType = sourcecode.swift; path = ResultViewController.swift; sourceTree = "<group>"; };
		703EB0D026AE6C25003CA4E6 /* Quiz.swift */ = {isa = PBXFileReference; lastKnownFileType = sourcecode.swift; path = Quiz.swift; sourceTree = "<group>"; };
		703EB0D226AE6C7E003CA4E6 /* QuizManager.swift */ = {isa = PBXFileReference; lastKnownFileType = sourcecode.swift; path = QuizManager.swift; sourceTree = "<group>"; };
		703FB5A426ACFEA0006EC4A9 /* SwiftQuiz.app */ = {isa = PBXFileReference; explicitFileType = wrapper.application; includeInIndex = 0; path = SwiftQuiz.app; sourceTree = BUILT_PRODUCTS_DIR; };
		703FB5A726ACFEA0006EC4A9 /* AppDelegate.swift */ = {isa = PBXFileReference; lastKnownFileType = sourcecode.swift; path = AppDelegate.swift; sourceTree = "<group>"; };
		703FB5A926ACFEA0006EC4A9 /* SceneDelegate.swift */ = {isa = PBXFileReference; lastKnownFileType = sourcecode.swift; path = SceneDelegate.swift; sourceTree = "<group>"; };
		703FB5AB26ACFEA0006EC4A9 /* ViewController.swift */ = {isa = PBXFileReference; lastKnownFileType = sourcecode.swift; path = ViewController.swift; sourceTree = "<group>"; };
		703FB5AE26ACFEA0006EC4A9 /* Base */ = {isa = PBXFileReference; lastKnownFileType = file.storyboard; name = Base; path = Base.lproj/Main.storyboard; sourceTree = "<group>"; };
		703FB5B026ACFEA1006EC4A9 /* Assets.xcassets */ = {isa = PBXFileReference; lastKnownFileType = folder.assetcatalog; path = Assets.xcassets; sourceTree = "<group>"; };
		703FB5B326ACFEA1006EC4A9 /* Base */ = {isa = PBXFileReference; lastKnownFileType = file.storyboard; name = Base; path = Base.lproj/LaunchScreen.storyboard; sourceTree = "<group>"; };
		703FB5B526ACFEA1006EC4A9 /* Info.plist */ = {isa = PBXFileReference; lastKnownFileType = text.plist.xml; path = Info.plist; sourceTree = "<group>"; };
/* End PBXFileReference section */

/* Begin PBXFrameworksBuildPhase section */
		703FB5A126ACFEA0006EC4A9 /* Frameworks */ = {
			isa = PBXFrameworksBuildPhase;
			buildActionMask = 2147483647;
			files = (
			);
			runOnlyForDeploymentPostprocessing = 0;
		};
/* End PBXFrameworksBuildPhase section */

/* Begin PBXGroup section */
		703FB59B26ACFEA0006EC4A9 = {
			isa = PBXGroup;
			children = (
				703FB5A626ACFEA0006EC4A9 /* SwiftQuiz */,
				703FB5A526ACFEA0006EC4A9 /* Products */,
			);
			sourceTree = "<group>";
		};
		703FB5A526ACFEA0006EC4A9 /* Products */ = {
			isa = PBXGroup;
			children = (
				703FB5A426ACFEA0006EC4A9 /* SwiftQuiz.app */,
			);
			name = Products;
			sourceTree = "<group>";
		};
		703FB5A626ACFEA0006EC4A9 /* SwiftQuiz */ = {
			isa = PBXGroup;
			children = (
				703FB5A726ACFEA0006EC4A9 /* AppDelegate.swift */,
				703FB5A926ACFEA0006EC4A9 /* SceneDelegate.swift */,
				703FB5AB26ACFEA0006EC4A9 /* ViewController.swift */,
				703FB5AD26ACFEA0006EC4A9 /* Main.storyboard */,
				703EB0CC26AE68BF003CA4E6 /* QuizViewController.swift */,
				703EB0CE26AE68E2003CA4E6 /* ResultViewController.swift */,
				703EB0D026AE6C25003CA4E6 /* Quiz.swift */,
				703EB0D226AE6C7E003CA4E6 /* QuizManager.swift */,
				703FB5B026ACFEA1006EC4A9 /* Assets.xcassets */,
				703FB5B226ACFEA1006EC4A9 /* LaunchScreen.storyboard */,
				703FB5B526ACFEA1006EC4A9 /* Info.plist */,
			);
			path = SwiftQuiz;
			sourceTree = "<group>";
		};
/* End PBXGroup section */

/* Begin PBXNativeTarget section */
		703FB5A326ACFEA0006EC4A9 /* SwiftQuiz */ = {
			isa = PBXNativeTarget;
			buildConfigurationList = 703FB5B826ACFEA1006EC4A9 /* Build configuration list for PBXNativeTarget "SwiftQuiz" */;
			buildPhases = (
				703FB5A026ACFEA0006EC4A9 /* Sources */,
				703FB5A126ACFEA0006EC4A9 /* Frameworks */,
				703FB5A226ACFEA0006EC4A9 /* Resources */,
			);
			buildRules = (
			);
			dependencies = (
			);
			name = SwiftQuiz;
			productName = SwiftQuiz;
			productReference = 703FB5A426ACFEA0006EC4A9 /* SwiftQuiz.app */;
			productType = "com.apple.product-type.application";
		};
/* End PBXNativeTarget section */

/* Begin PBXProject section */
		703FB59C26ACFEA0006EC4A9 /* Project object */ = {
			isa = PBXProject;
			attributes = {
				LastSwiftUpdateCheck = 1250;
				LastUpgradeCheck = 1250;
				TargetAttributes = {
					703FB5A326ACFEA0006EC4A9 = {
						CreatedOnToolsVersion = 12.5.1;
					};
				};
			};
			buildConfigurationList = 703FB59F26ACFEA0006EC4A9 /* Build configuration list for PBXProject "SwiftQuiz" */;
			compatibilityVersion = "Xcode 9.3";
			developmentRegion = en;
			hasScannedForEncodings = 0;
			knownRegions = (
				en,
				Base,
			);
			mainGroup = 703FB59B26ACFEA0006EC4A9;
			productRefGroup = 703FB5A526ACFEA0006EC4A9 /* Products */;
			projectDirPath = "";
			projectRoot = "";
			targets = (
				703FB5A326ACFEA0006EC4A9 /* SwiftQuiz */,
			);
		};
/* End PBXProject section */

/* Begin PBXResourcesBuildPhase section */
		703FB5A226ACFEA0006EC4A9 /* Resources */ = {
			isa = PBXResourcesBuildPhase;
			buildActionMask = 2147483647;
			files = (
				703FB5B426ACFEA1006EC4A9 /* LaunchScreen.storyboard in Resources */,
				703FB5B126ACFEA1006EC4A9 /* Assets.xcassets in Resources */,
				703FB5AF26ACFEA0006EC4A9 /* Main.storyboard in Resources */,
			);
			runOnlyForDeploymentPostprocessing = 0;
		};
/* End PBXResourcesBuildPhase section */

/* Begin PBXSourcesBuildPhase section */
		703FB5A026ACFEA0006EC4A9 /* Sources */ = {
			isa = PBXSourcesBuildPhase;
			buildActionMask = 2147483647;
			files = (
				703EB0CF26AE68E2003CA4E6 /* ResultViewController.swift in Sources */,
				703FB5AC26ACFEA0006EC4A9 /* ViewController.swift in Sources */,
				703EB0D126AE6C25003CA4E6 /* Quiz.swift in Sources */,
				703EB0D326AE6C7E003CA4E6 /* QuizManager.swift in Sources */,
				703FB5A826ACFEA0006EC4A9 /* AppDelegate.swift in Sources */,
				703FB5AA26ACFEA0006EC4A9 /* SceneDelegate.swift in Sources */,
				703EB0CD26AE68BF003CA4E6 /* QuizViewController.swift in Sources */,
			);
			runOnlyForDeploymentPostprocessing = 0;
		};
/* End PBXSourcesBuildPhase section */

/* Begin PBXVariantGroup section */
		703FB5AD26ACFEA0006EC4A9 /* Main.storyboard */ = {
			isa = PBXVariantGroup;
			children = (
				703FB5AE26ACFEA0006EC4A9 /* Base */,
			);
			name = Main.storyboard;
			sourceTree = "<group>";
		};
		703FB5B226ACFEA1006EC4A9 /* LaunchScreen.storyboard */ = {
			isa = PBXVariantGroup;
			children = (
				703FB5B326ACFEA1006EC4A9 /* Base */,
			);
			name = LaunchScreen.storyboard;
			sourceTree = "<group>";
		};
/* End PBXVariantGroup section */

/* Begin XCBuildConfiguration section */
		703FB5B626ACFEA1006EC4A9 /* Debug */ = {
			isa = XCBuildConfiguration;
			buildSettings = {
				ALWAYS_SEARCH_USER_PATHS = NO;
				CLANG_ANALYZER_NONNULL = YES;
				CLANG_ANALYZER_NUMBER_OBJECT_CONVERSION = YES_AGGRESSIVE;
				CLANG_CXX_LANGUAGE_STANDARD = "gnu++14";
				CLANG_CXX_LIBRARY = "libc++";
				CLANG_ENABLE_MODULES = YES;
				CLANG_ENABLE_OBJC_ARC = YES;
				CLANG_ENABLE_OBJC_WEAK = YES;
				CLANG_WARN_BLOCK_CAPTURE_AUTORELEASING = YES;
				CLANG_WARN_BOOL_CONVERSION = YES;
				CLANG_WARN_COMMA = YES;
				CLANG_WARN_CONSTANT_CONVERSION = YES;
				CLANG_WARN_DEPRECATED_OBJC_IMPLEMENTATIONS = YES;
				CLANG_WARN_DIRECT_OBJC_ISA_USAGE = YES_ERROR;
				CLANG_WARN_DOCUMENTATION_COMMENTS = YES;
				CLANG_WARN_EMPTY_BODY = YES;
				CLANG_WARN_ENUM_CONVERSION = YES;
				CLANG_WARN_INFINITE_RECURSION = YES;
				CLANG_WARN_INT_CONVERSION = YES;
				CLANG_WARN_NON_LITERAL_NULL_CONVERSION = YES;
				CLANG_WARN_OBJC_IMPLICIT_RETAIN_SELF = YES;
				CLANG_WARN_OBJC_LITERAL_CONVERSION = YES;
				CLANG_WARN_OBJC_ROOT_CLASS = YES_ERROR;
				CLANG_WARN_QUOTED_INCLUDE_IN_FRAMEWORK_HEADER = YES;
				CLANG_WARN_RANGE_LOOP_ANALYSIS = YES;
				CLANG_WARN_STRICT_PROTOTYPES = YES;
				CLANG_WARN_SUSPICIOUS_MOVE = YES;
				CLANG_WARN_UNGUARDED_AVAILABILITY = YES_AGGRESSIVE;
				CLANG_WARN_UNREACHABLE_CODE = YES;
				CLANG_WARN__DUPLICATE_METHOD_MATCH = YES;
				COPY_PHASE_STRIP = NO;
				DEBUG_INFORMATION_FORMAT = dwarf;
				ENABLE_STRICT_OBJC_MSGSEND = YES;
				ENABLE_TESTABILITY = YES;
				GCC_C_LANGUAGE_STANDARD = gnu11;
				GCC_DYNAMIC_NO_PIC = NO;
				GCC_NO_COMMON_BLOCKS = YES;
				GCC_OPTIMIZATION_LEVEL = 0;
				GCC_PREPROCESSOR_DEFINITIONS = (
					"DEBUG=1",
					"$(inherited)",
				);
				GCC_WARN_64_TO_32_BIT_CONVERSION = YES;
				GCC_WARN_ABOUT_RETURN_TYPE = YES_ERROR;
				GCC_WARN_UNDECLARED_SELECTOR = YES;
				GCC_WARN_UNINITIALIZED_AUTOS = YES_AGGRESSIVE;
				GCC_WARN_UNUSED_FUNCTION = YES;
				GCC_WARN_UNUSED_VARIABLE = YES;
				IPHONEOS_DEPLOYMENT_TARGET = 14.5;
				MTL_ENABLE_DEBUG_INFO = INCLUDE_SOURCE;
				MTL_FAST_MATH = YES;
				ONLY_ACTIVE_ARCH = YES;
				SDKROOT = iphoneos;
				SWIFT_ACTIVE_COMPILATION_CONDITIONS = DEBUG;
				SWIFT_OPTIMIZATION_LEVEL = "-Onone";
			};
			name = Debug;
		};
		703FB5B726ACFEA1006EC4A9 /* Release */ = {
			isa = XCBuildConfiguration;
			buildSettings = {
				ALWAYS_SEARCH_USER_PATHS = NO;
				CLANG_ANALYZER_NONNULL = YES;
				CLANG_ANALYZER_NUMBER_OBJECT_CONVERSION = YES_AGGRESSIVE;
				CLANG_CXX_LANGUAGE_STANDARD = "gnu++14";
				CLANG_CXX_LIBRARY = "libc++";
				CLANG_ENABLE_MODULES = YES;
				CLANG_ENABLE_OBJC_ARC = YES;
				CLANG_ENABLE_OBJC_WEAK = YES;
				CLANG_WARN_BLOCK_CAPTURE_AUTORELEASING = YES;
				CLANG_WARN_BOOL_CONVERSION = YES;
				CLANG_WARN_COMMA = YES;
				CLANG_WARN_CONSTANT_CONVERSION = YES;
				CLANG_WARN_DEPRECATED_OBJC_IMPLEMENTATIONS = YES;
				CLANG_WARN_DIRECT_OBJC_ISA_USAGE = YES_ERROR;
				CLANG_WARN_DOCUMENTATION_COMMENTS = YES;
				CLANG_WARN_EMPTY_BODY = YES;
				CLANG_WARN_ENUM_CONVERSION = YES;
				CLANG_WARN_INFINITE_RECURSION = YES;
				CLANG_WARN_INT_CONVERSION = YES;
				CLANG_WARN_NON_LITERAL_NULL_CONVERSION = YES;
				CLANG_WARN_OBJC_IMPLICIT_RETAIN_SELF = YES;
				CLANG_WARN_OBJC_LITERAL_CONVERSION = YES;
				CLANG_WARN_OBJC_ROOT_CLASS = YES_ERROR;
				CLANG_WARN_QUOTED_INCLUDE_IN_FRAMEWORK_HEADER = YES;
				CLANG_WARN_RANGE_LOOP_ANALYSIS = YES;
				CLANG_WARN_STRICT_PROTOTYPES = YES;
				CLANG_WARN_SUSPICIOUS_MOVE = YES;
				CLANG_WARN_UNGUARDED_AVAILABILITY = YES_AGGRESSIVE;
				CLANG_WARN_UNREACHABLE_CODE = YES;
				CLANG_WARN__DUPLICATE_METHOD_MATCH = YES;
				COPY_PHASE_STRIP = NO;
				DEBUG_INFORMATION_FORMAT = "dwarf-with-dsym";
				ENABLE_NS_ASSERTIONS = NO;
				ENABLE_STRICT_OBJC_MSGSEND = YES;
				GCC_C_LANGUAGE_STANDARD = gnu11;
				GCC_NO_COMMON_BLOCKS = YES;
				GCC_WARN_64_TO_32_BIT_CONVERSION = YES;
				GCC_WARN_ABOUT_RETURN_TYPE = YES_ERROR;
				GCC_WARN_UNDECLARED_SELECTOR = YES;
				GCC_WARN_UNINITIALIZED_AUTOS = YES_AGGRESSIVE;
				GCC_WARN_UNUSED_FUNCTION = YES;
				GCC_WARN_UNUSED_VARIABLE = YES;
				IPHONEOS_DEPLOYMENT_TARGET = 14.5;
				MTL_ENABLE_DEBUG_INFO = NO;
				MTL_FAST_MATH = YES;
				SDKROOT = iphoneos;
				SWIFT_COMPILATION_MODE = wholemodule;
				SWIFT_OPTIMIZATION_LEVEL = "-O";
				VALIDATE_PRODUCT = YES;
			};
			name = Release;
		};
		703FB5B926ACFEA1006EC4A9 /* Debug */ = {
			isa = XCBuildConfiguration;
			buildSettings = {
				ASSETCATALOG_COMPILER_APPICON_NAME = AppIcon;
				ASSETCATALOG_COMPILER_GLOBAL_ACCENT_COLOR_NAME = AccentColor;
				CODE_SIGN_STYLE = Automatic;
				DEVELOPMENT_TEAM = TPM3CS87N5;
				INFOPLIST_FILE = SwiftQuiz/Info.plist;
				LD_RUNPATH_SEARCH_PATHS = (
					"$(inherited)",
					"@executable_path/Frameworks",
				);
				PRODUCT_BUNDLE_IDENTIFIER = filipe.SwiftQuiz;
				PRODUCT_NAME = "$(TARGET_NAME)";
				SWIFT_VERSION = 5.0;
				TARGETED_DEVICE_FAMILY = 1;
			};
			name = Debug;
		};
		703FB5BA26ACFEA1006EC4A9 /* Release */ = {
			isa = XCBuildConfiguration;
			buildSettings = {
				ASSETCATALOG_COMPILER_APPICON_NAME = AppIcon;
				ASSETCATALOG_COMPILER_GLOBAL_ACCENT_COLOR_NAME = AccentColor;
				CODE_SIGN_STYLE = Automatic;
				DEVELOPMENT_TEAM = TPM3CS87N5;
				INFOPLIST_FILE = SwiftQuiz/Info.plist;
				LD_RUNPATH_SEARCH_PATHS = (
					"$(inherited)",
					"@executable_path/Frameworks",
				);
				PRODUCT_BUNDLE_IDENTIFIER = filipe.SwiftQuiz;
				PRODUCT_NAME = "$(TARGET_NAME)";
				SWIFT_VERSION = 5.0;
				TARGETED_DEVICE_FAMILY = 1;
			};
			name = Release;
		};
/* End XCBuildConfiguration section */

/* Begin XCConfigurationList section */
		703FB59F26ACFEA0006EC4A9 /* Build configuration list for PBXProject "SwiftQuiz" */ = {
			isa = XCConfigurationList;
			buildConfigurations = (
				703FB5B626ACFEA1006EC4A9 /* Debug */,
				703FB5B726ACFEA1006EC4A9 /* Release */,
			);
			defaultConfigurationIsVisible = 0;
			defaultConfigurationName = Release;
		};
		703FB5B826ACFEA1006EC4A9 /* Build configuration list for PBXNativeTarget "SwiftQuiz" */ = {
			isa = XCConfigurationList;
			buildConfigurations = (
				703FB5B926ACFEA1006EC4A9 /* Debug */,
				703FB5BA26ACFEA1006EC4A9 /* Release */,
			);
			defaultConfigurationIsVisible = 0;
			defaultConfigurationName = Release;
		};
/* End XCConfigurationList section */
	};
	rootObject = 703FB59C26ACFEA0006EC4A9 /* Project object */;
}
